
Microsoft Visual Studio Solution File, Format Version 12.00
# Visual Studio 15
VisualStudioVersion = 15.0.27428.2027
MinimumVisualStudioVersion = 10.0.40219.1
Project("{FAE04EC0-301F-11D3-BF4B-00C04F79EFBC}") = "AutoMapper", "AutoMapper\AutoMapper.csproj", "{0D4E8967-9F87-4A50-8C8F-29CF2701F984}"
EndProject
Project("{FAE04EC0-301F-11D3-BF4B-00C04F79EFBC}") = "ExtentionMethod", "Join\ExtentionMethod.csproj", "{2CA0BE5C-C79C-4EB7-9E9D-03613233D5F8}"
EndProject
Project("{FAE04EC0-301F-11D3-BF4B-00C04F79EFBC}") = "LINQ", "LINQ\LINQ.csproj", "{0FF456E3-5CDA-48E0-8BCB-10D6DAC2D9CE}"
EndProject
Global
	GlobalSection(SolutionConfigurationPlatforms) = preSolution
		Debug|Any CPU = Debug|Any CPU
		Release|Any CPU = Release|Any CPU
	EndGlobalSection
	GlobalSection(ProjectConfigurationPlatforms) = postSolution
		{0D4E8967-9F87-4A50-8C8F-29CF2701F984}.Debug|Any CPU.ActiveCfg = Debug|Any CPU
		{0D4E8967-9F87-4A50-8C8F-29CF2701F984}.Debug|Any CPU.Build.0 = Debug|Any CPU
		{0D4E8967-9F87-4A50-8C8F-29CF2701F984}.Release|Any CPU.ActiveCfg = Release|Any CPU
		{0D4E8967-9F87-4A50-8C8F-29CF2701F984}.Release|Any CPU.Build.0 = Release|Any CPU
		{2CA0BE5C-C79C-4EB7-9E9D-03613233D5F8}.Debug|Any CPU.ActiveCfg = Debug|Any CPU
		{2CA0BE5C-C79C-4EB7-9E9D-03613233D5F8}.Debug|Any CPU.Build.0 = Debug|Any CPU
		{2CA0BE5C-C79C-4EB7-9E9D-03613233D5F8}.Release|Any CPU.ActiveCfg = Release|Any CPU
		{2CA0BE5C-C79C-4EB7-9E9D-03613233D5F8}.Release|Any CPU.Build.0 = Release|Any CPU
		{0FF456E3-5CDA-48E0-8BCB-10D6DAC2D9CE}.Debug|Any CPU.ActiveCfg = Debug|Any CPU
		{0FF456E3-5CDA-48E0-8BCB-10D6DAC2D9CE}.Debug|Any CPU.Build.0 = Debug|Any CPU
		{0FF456E3-5CDA-48E0-8BCB-10D6DAC2D9CE}.Release|Any CPU.ActiveCfg = Release|Any CPU
		{0FF456E3-5CDA-48E0-8BCB-10D6DAC2D9CE}.Release|Any CPU.Build.0 = Release|Any CPU
	EndGlobalSection
	GlobalSection(SolutionProperties) = preSolution
		HideSolutionNode = FALSE
	EndGlobalSection
	GlobalSection(ExtensibilityGlobals) = postSolution
		SolutionGuid = {F8A28750-250E-4B7C-B6A2-BC6DC73718EB}
	EndGlobalSection
EndGlobal
